// !$*UTF8*$!
{
	archiveVersion = 1;
	classes = {
	};
	objectVersion = 55;
	objects = {

/* Begin PBXBuildFile section */
		B544462D288292FA004B9A05 /* InfoView.swift in Sources */ = {isa = PBXBuildFile; fileRef = B544462C288292FA004B9A05 /* InfoView.swift */; };
		B5AF79742882561B009B2B43 /* RunCat_iOS_DemoApp.swift in Sources */ = {isa = PBXBuildFile; fileRef = B5AF79732882561B009B2B43 /* RunCat_iOS_DemoApp.swift */; };
		B5AF79762882561B009B2B43 /* ContentView.swift in Sources */ = {isa = PBXBuildFile; fileRef = B5AF79752882561B009B2B43 /* ContentView.swift */; };
		B5AF797828825621009B2B43 /* Assets.xcassets in Resources */ = {isa = PBXBuildFile; fileRef = B5AF797728825621009B2B43 /* Assets.xcassets */; };
		B5AF797B28825621009B2B43 /* Preview Assets.xcassets in Resources */ = {isa = PBXBuildFile; fileRef = B5AF797A28825621009B2B43 /* Preview Assets.xcassets */; };
		B5AF7984288256A6009B2B43 /* CatView.swift in Sources */ = {isa = PBXBuildFile; fileRef = B5AF7983288256A6009B2B43 /* CatView.swift */; };
		B5AF7986288256BB009B2B43 /* CPU.swift in Sources */ = {isa = PBXBuildFile; fileRef = B5AF7985288256BB009B2B43 /* CPU.swift */; };
		B5AF79882882578A009B2B43 /* Cat.swift in Sources */ = {isa = PBXBuildFile; fileRef = B5AF79872882578A009B2B43 /* Cat.swift */; };
		B5AF798A288260E4009B2B43 /* Launch Screen.storyboard in Resources */ = {isa = PBXBuildFile; fileRef = B5AF7989288260E4009B2B43 /* Launch Screen.storyboard */; };
/* End PBXBuildFile section */

/* Begin PBXFileReference section */
		B544462C288292FA004B9A05 /* InfoView.swift */ = {isa = PBXFileReference; lastKnownFileType = sourcecode.swift; path = InfoView.swift; sourceTree = "<group>"; };
		B5444632288297B1004B9A05 /* RunCat-iOS-Demo-Info.plist */ = {isa = PBXFileReference; lastKnownFileType = text.plist; path = "RunCat-iOS-Demo-Info.plist"; sourceTree = SOURCE_ROOT; };
		B5AF79702882561B009B2B43 /* RunCat_iOS_Demo.app */ = {isa = PBXFileReference; explicitFileType = wrapper.application; includeInIndex = 0; path = RunCat_iOS_Demo.app; sourceTree = BUILT_PRODUCTS_DIR; };
		B5AF79732882561B009B2B43 /* RunCat_iOS_DemoApp.swift */ = {isa = PBXFileReference; lastKnownFileType = sourcecode.swift; path = RunCat_iOS_DemoApp.swift; sourceTree = "<group>"; };
		B5AF79752882561B009B2B43 /* ContentView.swift */ = {isa = PBXFileReference; lastKnownFileType = sourcecode.swift; path = ContentView.swift; sourceTree = "<group>"; };
		B5AF797728825621009B2B43 /* Assets.xcassets */ = {isa = PBXFileReference; lastKnownFileType = folder.assetcatalog; path = Assets.xcassets; sourceTree = "<group>"; };
		B5AF797A28825621009B2B43 /* Preview Assets.xcassets */ = {isa = PBXFileReference; lastKnownFileType = folder.assetcatalog; path = "Preview Assets.xcassets"; sourceTree = "<group>"; };
		B5AF7983288256A6009B2B43 /* CatView.swift */ = {isa = PBXFileReference; lastKnownFileType = sourcecode.swift; path = CatView.swift; sourceTree = "<group>"; };
		B5AF7985288256BB009B2B43 /* CPU.swift */ = {isa = PBXFileReference; lastKnownFileType = sourcecode.swift; path = CPU.swift; sourceTree = "<group>"; };
		B5AF79872882578A009B2B43 /* Cat.swift */ = {isa = PBXFileReference; lastKnownFileType = sourcecode.swift; path = Cat.swift; sourceTree = "<group>"; };
		B5AF7989288260E4009B2B43 /* Launch Screen.storyboard */ = {isa = PBXFileReference; lastKnownFileType = file.storyboard; path = "Launch Screen.storyboard"; sourceTree = "<group>"; };
/* End PBXFileReference section */

/* Begin PBXFrameworksBuildPhase section */
		B5AF796D2882561B009B2B43 /* Frameworks */ = {
			isa = PBXFrameworksBuildPhase;
			buildActionMask = 2147483647;
			files = (
			);
			runOnlyForDeploymentPostprocessing = 0;
		};
/* End PBXFrameworksBuildPhase section */

/* Begin PBXGroup section */
		B5AF79672882561A009B2B43 = {
			isa = PBXGroup;
			children = (
				B5AF79722882561B009B2B43 /* RunCat_iOS_Demo */,
				B5AF79712882561B009B2B43 /* Products */,
			);
			sourceTree = "<group>";
		};
		B5AF79712882561B009B2B43 /* Products */ = {
			isa = PBXGroup;
			children = (
				B5AF79702882561B009B2B43 /* RunCat_iOS_Demo.app */,
			);
			name = Products;
			sourceTree = "<group>";
		};
		B5AF79722882561B009B2B43 /* RunCat_iOS_Demo */ = {
			isa = PBXGroup;
			children = (
				B5444632288297B1004B9A05 /* RunCat-iOS-Demo-Info.plist */,
				B5AF79732882561B009B2B43 /* RunCat_iOS_DemoApp.swift */,
				B5AF7985288256BB009B2B43 /* CPU.swift */,
				B5AF79872882578A009B2B43 /* Cat.swift */,
				B5AF79822882568D009B2B43 /* Views */,
				B5AF797728825621009B2B43 /* Assets.xcassets */,
				B5AF7989288260E4009B2B43 /* Launch Screen.storyboard */,
				B5AF797928825621009B2B43 /* Preview Content */,
			);
			path = RunCat_iOS_Demo;
			sourceTree = "<group>";
		};
		B5AF797928825621009B2B43 /* Preview Content */ = {
			isa = PBXGroup;
			children = (
				B5AF797A28825621009B2B43 /* Preview Assets.xcassets */,
			);
			path = "Preview Content";
			sourceTree = "<group>";
		};
		B5AF79822882568D009B2B43 /* Views */ = {
			isa = PBXGroup;
			children = (
				B5AF79752882561B009B2B43 /* ContentView.swift */,
				B5AF7983288256A6009B2B43 /* CatView.swift */,
				B544462C288292FA004B9A05 /* InfoView.swift */,
			);
			path = Views;
			sourceTree = "<group>";
		};
/* End PBXGroup section */

/* Begin PBXNativeTarget section */
		B5AF796F2882561B009B2B43 /* RunCat_iOS_Demo */ = {
			isa = PBXNativeTarget;
			buildConfigurationList = B5AF797E28825621009B2B43 /* Build configuration list for PBXNativeTarget "RunCat_iOS_Demo" */;
			buildPhases = (
				B5AF796C2882561B009B2B43 /* Sources */,
				B5AF796D2882561B009B2B43 /* Frameworks */,
				B5AF796E2882561B009B2B43 /* Resources */,
			);
			buildRules = (
			);
			dependencies = (
			);
			name = RunCat_iOS_Demo;
			productName = RunCat_iOS_Demo;
			productReference = B5AF79702882561B009B2B43 /* RunCat_iOS_Demo.app */;
			productType = "com.apple.product-type.application";
		};
/* End PBXNativeTarget section */

/* Begin PBXProject section */
		B5AF79682882561A009B2B43 /* Project object */ = {
			isa = PBXProject;
			attributes = {
				BuildIndependentTargetsInParallel = 1;
				LastSwiftUpdateCheck = 1330;
				LastUpgradeCheck = 1330;
				TargetAttributes = {
					B5AF796F2882561B009B2B43 = {
						CreatedOnToolsVersion = 13.3.1;
					};
				};
			};
			buildConfigurationList = B5AF796B2882561A009B2B43 /* Build configuration list for PBXProject "RunCat_iOS_Demo" */;
			compatibilityVersion = "Xcode 13.0";
			developmentRegion = en;
			hasScannedForEncodings = 0;
			knownRegions = (
				en,
				Base,
			);
			mainGroup = B5AF79672882561A009B2B43;
			productRefGroup = B5AF79712882561B009B2B43 /* Products */;
			projectDirPath = "";
			projectRoot = "";
			targets = (
				B5AF796F2882561B009B2B43 /* RunCat_iOS_Demo */,
			);
		};
/* End PBXProject section */

/* Begin PBXResourcesBuildPhase section */
		B5AF796E2882561B009B2B43 /* Resources */ = {
			isa = PBXResourcesBuildPhase;
			buildActionMask = 2147483647;
			files = (
				B5AF798A288260E4009B2B43 /* Launch Screen.storyboard in Resources */,
				B5AF797B28825621009B2B43 /* Preview Assets.xcassets in Resources */,
				B5AF797828825621009B2B43 /* Assets.xcassets in Resources */,
			);
			runOnlyForDeploymentPostprocessing = 0;
		};
/* End PBXResourcesBuildPhase section */

/* Begin PBXSourcesBuildPhase section */
		B5AF796C2882561B009B2B43 /* Sources */ = {
			isa = PBXSourcesBuildPhase;
			buildActionMask = 2147483647;
			files = (
				B5AF7986288256BB009B2B43 /* CPU.swift in Sources */,
				B5AF79762882561B009B2B43 /* ContentView.swift in Sources */,
				B5AF79882882578A009B2B43 /* Cat.swift in Sources */,
				B5AF79742882561B009B2B43 /* RunCat_iOS_DemoApp.swift in Sources */,
				B544462D288292FA004B9A05 /* InfoView.swift in Sources */,
				B5AF7984288256A6009B2B43 /* CatView.swift in Sources */,
			);
			runOnlyForDeploymentPostprocessing = 0;
		};
/* End PBXSourcesBuildPhase section */

/* Begin XCBuildConfiguration section */
		B5AF797C28825621009B2B43 /* Debug */ = {
			isa = XCBuildConfiguration;
			buildSettings = {
				ALWAYS_SEARCH_USER_PATHS = NO;
				CLANG_ANALYZER_NONNULL = YES;
				CLANG_ANALYZER_NUMBER_OBJECT_CONVERSION = YES_AGGRESSIVE;
				CLANG_CXX_LANGUAGE_STANDARD = "gnu++17";
				CLANG_ENABLE_MODULES = YES;
				CLANG_ENABLE_OBJC_ARC = YES;
				CLANG_ENABLE_OBJC_WEAK = YES;
				CLANG_WARN_BLOCK_CAPTURE_AUTORELEASING = YES;
				CLANG_WARN_BOOL_CONVERSION = YES;
				CLANG_WARN_COMMA = YES;
				CLANG_WARN_CONSTANT_CONVERSION = YES;
				CLANG_WARN_DEPRECATED_OBJC_IMPLEMENTATIONS = YES;
				CLANG_WARN_DIRECT_OBJC_ISA_USAGE = YES_ERROR;
				CLANG_WARN_DOCUMENTATION_COMMENTS = YES;
				CLANG_WARN_EMPTY_BODY = YES;
				CLANG_WARN_ENUM_CONVERSION = YES;
				CLANG_WARN_INFINITE_RECURSION = YES;
				CLANG_WARN_INT_CONVERSION = YES;
				CLANG_WARN_NON_LITERAL_NULL_CONVERSION = YES;
				CLANG_WARN_OBJC_IMPLICIT_RETAIN_SELF = YES;
				CLANG_WARN_OBJC_LITERAL_CONVERSION = YES;
				CLANG_WARN_OBJC_ROOT_CLASS = YES_ERROR;
				CLANG_WARN_QUOTED_INCLUDE_IN_FRAMEWORK_HEADER = YES;
				CLANG_WARN_RANGE_LOOP_ANALYSIS = YES;
				CLANG_WARN_STRICT_PROTOTYPES = YES;
				CLANG_WARN_SUSPICIOUS_MOVE = YES;
				CLANG_WARN_UNGUARDED_AVAILABILITY = YES_AGGRESSIVE;
				CLANG_WARN_UNREACHABLE_CODE = YES;
				CLANG_WARN__DUPLICATE_METHOD_MATCH = YES;
				COPY_PHASE_STRIP = NO;
				DEBUG_INFORMATION_FORMAT = dwarf;
				ENABLE_STRICT_OBJC_MSGSEND = YES;
				ENABLE_TESTABILITY = YES;
				GCC_C_LANGUAGE_STANDARD = gnu11;
				GCC_DYNAMIC_NO_PIC = NO;
				GCC_NO_COMMON_BLOCKS = YES;
				GCC_OPTIMIZATION_LEVEL = 0;
				GCC_PREPROCESSOR_DEFINITIONS = (
					"DEBUG=1",
					"$(inherited)",
				);
				GCC_WARN_64_TO_32_BIT_CONVERSION = YES;
				GCC_WARN_ABOUT_RETURN_TYPE = YES_ERROR;
				GCC_WARN_UNDECLARED_SELECTOR = YES;
				GCC_WARN_UNINITIALIZED_AUTOS = YES_AGGRESSIVE;
				GCC_WARN_UNUSED_FUNCTION = YES;
				GCC_WARN_UNUSED_VARIABLE = YES;
				IPHONEOS_DEPLOYMENT_TARGET = 14.0;
				MTL_ENABLE_DEBUG_INFO = INCLUDE_SOURCE;
				MTL_FAST_MATH = YES;
				ONLY_ACTIVE_ARCH = YES;
				SDKROOT = iphoneos;
				SWIFT_ACTIVE_COMPILATION_CONDITIONS = DEBUG;
				SWIFT_OPTIMIZATION_LEVEL = "-Onone";
			};
			name = Debug;
		};
		B5AF797D28825621009B2B43 /* Release */ = {
			isa = XCBuildConfiguration;
			buildSettings = {
				ALWAYS_SEARCH_USER_PATHS = NO;
				CLANG_ANALYZER_NONNULL = YES;
				CLANG_ANALYZER_NUMBER_OBJECT_CONVERSION = YES_AGGRESSIVE;
				CLANG_CXX_LANGUAGE_STANDARD = "gnu++17";
				CLANG_ENABLE_MODULES = YES;
				CLANG_ENABLE_OBJC_ARC = YES;
				CLANG_ENABLE_OBJC_WEAK = YES;
				CLANG_WARN_BLOCK_CAPTURE_AUTORELEASING = YES;
				CLANG_WARN_BOOL_CONVERSION = YES;
				CLANG_WARN_COMMA = YES;
				CLANG_WARN_CONSTANT_CONVERSION = YES;
				CLANG_WARN_DEPRECATED_OBJC_IMPLEMENTATIONS = YES;
				CLANG_WARN_DIRECT_OBJC_ISA_USAGE = YES_ERROR;
				CLANG_WARN_DOCUMENTATION_COMMENTS = YES;
				CLANG_WARN_EMPTY_BODY = YES;
				CLANG_WARN_ENUM_CONVERSION = YES;
				CLANG_WARN_INFINITE_RECURSION = YES;
				CLANG_WARN_INT_CONVERSION = YES;
				CLANG_WARN_NON_LITERAL_NULL_CONVERSION = YES;
				CLANG_WARN_OBJC_IMPLICIT_RETAIN_SELF = YES;
				CLANG_WARN_OBJC_LITERAL_CONVERSION = YES;
				CLANG_WARN_OBJC_ROOT_CLASS = YES_ERROR;
				CLANG_WARN_QUOTED_INCLUDE_IN_FRAMEWORK_HEADER = YES;
				CLANG_WARN_RANGE_LOOP_ANALYSIS = YES;
				CLANG_WARN_STRICT_PROTOTYPES = YES;
				CLANG_WARN_SUSPICIOUS_MOVE = YES;
				CLANG_WARN_UNGUARDED_AVAILABILITY = YES_AGGRESSIVE;
				CLANG_WARN_UNREACHABLE_CODE = YES;
				CLANG_WARN__DUPLICATE_METHOD_MATCH = YES;
				COPY_PHASE_STRIP = NO;
				DEBUG_INFORMATION_FORMAT = "dwarf-with-dsym";
				ENABLE_NS_ASSERTIONS = NO;
				ENABLE_STRICT_OBJC_MSGSEND = YES;
				GCC_C_LANGUAGE_STANDARD = gnu11;
				GCC_NO_COMMON_BLOCKS = YES;
				GCC_WARN_64_TO_32_BIT_CONVERSION = YES;
				GCC_WARN_ABOUT_RETURN_TYPE = YES_ERROR;
				GCC_WARN_UNDECLARED_SELECTOR = YES;
				GCC_WARN_UNINITIALIZED_AUTOS = YES_AGGRESSIVE;
				GCC_WARN_UNUSED_FUNCTION = YES;
				GCC_WARN_UNUSED_VARIABLE = YES;
				IPHONEOS_DEPLOYMENT_TARGET = 14.0;
				MTL_ENABLE_DEBUG_INFO = NO;
				MTL_FAST_MATH = YES;
				SDKROOT = iphoneos;
				SWIFT_COMPILATION_MODE = wholemodule;
				SWIFT_OPTIMIZATION_LEVEL = "-O";
				VALIDATE_PRODUCT = YES;
			};
			name = Release;
		};
		B5AF797F28825621009B2B43 /* Debug */ = {
			isa = XCBuildConfiguration;
			buildSettings = {
				ASSETCATALOG_COMPILER_APPICON_NAME = AppIcon;
				ASSETCATALOG_COMPILER_GLOBAL_ACCENT_COLOR_NAME = AccentColor;
				CODE_SIGN_STYLE = Automatic;
				CURRENT_PROJECT_VERSION = 1;
				DEVELOPMENT_ASSET_PATHS = "\"RunCat_iOS_Demo/Preview Content\"";
				DEVELOPMENT_TEAM = L4LN9U3ZS7;
				ENABLE_PREVIEWS = YES;
				GENERATE_INFOPLIST_FILE = YES;
				INFOPLIST_FILE = "RunCat-iOS-Demo-Info.plist";
				INFOPLIST_KEY_CFBundleDisplayName = RunCat;
				INFOPLIST_KEY_UIApplicationSupportsIndirectInputEvents = YES;
				INFOPLIST_KEY_UILaunchScreen_Generation = YES;
				INFOPLIST_KEY_UIRequiresFullScreen = YES;
				INFOPLIST_KEY_UISupportedInterfaceOrientations = UIInterfaceOrientationPortrait;
				INFOPLIST_KEY_UISupportedInterfaceOrientations_iPad = "UIInterfaceOrientationPortrait UIInterfaceOrientationPortraitUpsideDown UIInterfaceOrientationLandscapeLeft UIInterfaceOrientationLandscapeRight";
				INFOPLIST_KEY_UISupportedInterfaceOrientations_iPhone = "UIInterfaceOrientationPortrait UIInterfaceOrientationLandscapeLeft UIInterfaceOrientationLandscapeRight";
				IPHONEOS_DEPLOYMENT_TARGET = 14.0;
				LD_RUNPATH_SEARCH_PATHS = (
					"$(inherited)",
					"@executable_path/Frameworks",
				);
				MARKETING_VERSION = 1.0;
				PRODUCT_BUNDLE_IDENTIFIER = "com.powen.RunCat-iOS-Demo";
				PRODUCT_NAME = "$(TARGET_NAME)";
				SWIFT_EMIT_LOC_STRINGS = YES;
				SWIFT_VERSION = 5.0;
				TARGETED_DEVICE_FAMILY = "1,2";
			};
			name = Debug;
		};
		B5AF798028825621009B2B43 /* Release */ = {
			isa = XCBuildConfiguration;
			buildSettings = {
				ASSETCATALOG_COMPILER_APPICON_NAME = AppIcon;
				ASSETCATALOG_COMPILER_GLOBAL_ACCENT_COLOR_NAME = AccentColor;
				CODE_SIGN_STYLE = Automatic;
				CURRENT_PROJECT_VERSION = 1;
				DEVELOPMENT_ASSET_PATHS = "\"RunCat_iOS_Demo/Preview Content\"";
				DEVELOPMENT_TEAM = L4LN9U3ZS7;
				ENABLE_PREVIEWS = YES;
				GENERATE_INFOPLIST_FILE = YES;
				INFOPLIST_FILE = "RunCat-iOS-Demo-Info.plist";
				INFOPLIST_KEY_CFBundleDisplayName = RunCat;
				INFOPLIST_KEY_UIApplicationSupportsIndirectInputEvents = YES;
				INFOPLIST_KEY_UILaunchScreen_Generation = YES;
				INFOPLIST_KEY_UIRequiresFullScreen = YES;
				INFOPLIST_KEY_UISupportedInterfaceOrientations = UIInterfaceOrientationPortrait;
				INFOPLIST_KEY_UISupportedInterfaceOrientations_iPad = "UIInterfaceOrientationPortrait UIInterfaceOrientationPortraitUpsideDown UIInterfaceOrientationLandscapeLeft UIInterfaceOrientationLandscapeRight";
				INFOPLIST_KEY_UISupportedInterfaceOrientations_iPhone = "UIInterfaceOrientationPortrait UIInterfaceOrientationLandscapeLeft UIInterfaceOrientationLandscapeRight";
				IPHONEOS_DEPLOYMENT_TARGET = 14.0;
				LD_RUNPATH_SEARCH_PATHS = (
					"$(inherited)",
					"@executable_path/Frameworks",
				);
				MARKETING_VERSION = 1.0;
				PRODUCT_BUNDLE_IDENTIFIER = "com.powen.RunCat-iOS-Demo";
				PRODUCT_NAME = "$(TARGET_NAME)";
				SWIFT_EMIT_LOC_STRINGS = YES;
				SWIFT_VERSION = 5.0;
				TARGETED_DEVICE_FAMILY = "1,2";
			};
			name = Release;
		};
/* End XCBuildConfiguration section */

/* Begin XCConfigurationList section */
		B5AF796B2882561A009B2B43 /* Build configuration list for PBXProject "RunCat_iOS_Demo" */ = {
			isa = XCConfigurationList;
			buildConfigurations = (
				B5AF797C28825621009B2B43 /* Debug */,
				B5AF797D28825621009B2B43 /* Release */,
			);
			defaultConfigurationIsVisible = 0;
			defaultConfigurationName = Release;
		};
		B5AF797E28825621009B2B43 /* Build configuration list for PBXNativeTarget "RunCat_iOS_Demo" */ = {
			isa = XCConfigurationList;
			buildConfigurations = (
				B5AF797F28825621009B2B43 /* Debug */,
				B5AF798028825621009B2B43 /* Release */,
			);
			defaultConfigurationIsVisible = 0;
			defaultConfigurationName = Release;
		};
/* End XCConfigurationList section */
	};
	rootObject = B5AF79682882561A009B2B43 /* Project object */;
}
